PODS:
  - Flutter (1.0.0)
  - plugin_with_protobuf (0.0.1):
    - Flutter

DEPENDENCIES:
  - Flutter (from `.symlinks/flutter/ios`)
  - plugin_with_protobuf (from `.symlinks/plugins/plugin_with_protobuf/ios`)

EXTERNAL SOURCES:
  Flutter:
    :path: ".symlinks/flutter/ios"
  plugin_with_protobuf:
    :path: ".symlinks/plugins/plugin_with_protobuf/ios"

SPEC CHECKSUMS:
  Flutter: 9d0fac939486c9aba2809b7982dfdbb47a7b0296
  plugin_with_protobuf: 86bee88c449693a9c18cb19a5c8bcafa9b2d31ca

PODFILE CHECKSUM: ebd43b443038e611b86ede96e613bd6033c49497

COCOAPODS: 1.5.3
